// !$*UTF8*$!
{
	archiveVersion = 1;
	classes = {
	};
	objectVersion = 77;
	objects = {

/* Begin PBXContainerItemProxy section */
		FEA62A302E8C58F00009AF77 /* PBXContainerItemProxy */ = {
			isa = PBXContainerItemProxy;
			containerPortal = FEA62A1A2E8C58EB0009AF77 /* Project object */;
			proxyType = 1;
			remoteGlobalIDString = FEA62A212E8C58EB0009AF77;
			remoteInfo = ExcelCCAT;
		};
		FEA62A3A2E8C58F00009AF77 /* PBXContainerItemProxy */ = {
			isa = PBXContainerItemProxy;
			containerPortal = FEA62A1A2E8C58EB0009AF77 /* Project object */;
			proxyType = 1;
			remoteGlobalIDString = FEA62A212E8C58EB0009AF77;
			remoteInfo = ExcelCCAT;
		};
/* End PBXContainerItemProxy section */

/* Begin PBXFileReference section */
		FEA62A222E8C58EB0009AF77 /* ExcelCCAT.app */ = {isa = PBXFileReference; explicitFileType = wrapper.application; includeInIndex = 0; path = ExcelCCAT.app; sourceTree = BUILT_PRODUCTS_DIR; };
		FEA62A2F2E8C58F00009AF77 /* ExcelCCATTests.xctest */ = {isa = PBXFileReference; explicitFileType = wrapper.cfbundle; includeInIndex = 0; path = ExcelCCATTests.xctest; sourceTree = BUILT_PRODUCTS_DIR; };
		FEA62A392E8C58F00009AF77 /* ExcelCCATUITests.xctest */ = {isa = PBXFileReference; explicitFileType = wrapper.cfbundle; includeInIndex = 0; path = ExcelCCATUITests.xctest; sourceTree = BUILT_PRODUCTS_DIR; };
/* End PBXFileReference section */

/* Begin PBXFileSystemSynchronizedRootGroup section */
		FEA62A242E8C58EB0009AF77 /* ExcelCCAT */ = {
			isa = PBXFileSystemSynchronizedRootGroup;
			path = ExcelCCAT;
			sourceTree = "<group>";
		};
		FEA62A322E8C58F00009AF77 /* ExcelCCATTests */ = {
			isa = PBXFileSystemSynchronizedRootGroup;
			path = ExcelCCATTests;
			sourceTree = "<group>";
		};
		FEA62A3C2E8C58F00009AF77 /* ExcelCCATUITests */ = {
			isa = PBXFileSystemSynchronizedRootGroup;
			path = ExcelCCATUITests;
			sourceTree = "<group>";
		};
/* End PBXFileSystemSynchronizedRootGroup section */

/* Begin PBXFrameworksBuildPhase section */
		FEA62A1F2E8C58EB0009AF77 /* Frameworks */ = {
			isa = PBXFrameworksBuildPhase;
			buildActionMask = 2147483647;
			files = (
			);
			runOnlyForDeploymentPostprocessing = 0;
		};
		FEA62A2C2E8C58F00009AF77 /* Frameworks */ = {
			isa = PBXFrameworksBuildPhase;
			buildActionMask = 2147483647;
			files = (
			);
			runOnlyForDeploymentPostprocessing = 0;
		};
		FEA62A362E8C58F00009AF77 /* Frameworks */ = {
			isa = PBXFrameworksBuildPhase;
			buildActionMask = 2147483647;
			files = (
			);
			runOnlyForDeploymentPostprocessing = 0;
		};
/* End PBXFrameworksBuildPhase section */

/* Begin PBXGroup section */
		FEA62A192E8C58EB0009AF77 = {
			isa = PBXGroup;
			children = (
				FEA62A242E8C58EB0009AF77 /* ExcelCCAT */,
				FEA62A322E8C58F00009AF77 /* ExcelCCATTests */,
				FEA62A3C2E8C58F00009AF77 /* ExcelCCATUITests */,
				FEA62A232E8C58EB0009AF77 /* Products */,
			);
			sourceTree = "<group>";
		};
		FEA62A232E8C58EB0009AF77 /* Products */ = {
			isa = PBXGroup;
			children = (
				FEA62A222E8C58EB0009AF77 /* ExcelCCAT.app */,
				FEA62A2F2E8C58F00009AF77 /* ExcelCCATTests.xctest */,
				FEA62A392E8C58F00009AF77 /* ExcelCCATUITests.xctest */,
			);
			name = Products;
			sourceTree = "<group>";
		};
/* End PBXGroup section */

/* Begin PBXNativeTarget section */
		FEA62A212E8C58EB0009AF77 /* ExcelCCAT */ = {
			isa = PBXNativeTarget;
			buildConfigurationList = FEA62A432E8C58F00009AF77 /* Build configuration list for PBXNativeTarget "ExcelCCAT" */;
			buildPhases = (
				FEA62A1E2E8C58EB0009AF77 /* Sources */,
				FEA62A1F2E8C58EB0009AF77 /* Frameworks */,
				FEA62A202E8C58EB0009AF77 /* Resources */,
			);
			buildRules = (
			);
			dependencies = (
			);
			fileSystemSynchronizedGroups = (
				FEA62A242E8C58EB0009AF77 /* ExcelCCAT */,
			);
			name = ExcelCCAT;
			packageProductDependencies = (
			);
			productName = ExcelCCAT;
			productReference = FEA62A222E8C58EB0009AF77 /* ExcelCCAT.app */;
			productType = "com.apple.product-type.application";
		};
		FEA62A2E2E8C58F00009AF77 /* ExcelCCATTests */ = {
			isa = PBXNativeTarget;
			buildConfigurationList = FEA62A462E8C58F00009AF77 /* Build configuration list for PBXNativeTarget "ExcelCCATTests" */;
			buildPhases = (
				FEA62A2B2E8C58F00009AF77 /* Sources */,
				FEA62A2C2E8C58F00009AF77 /* Frameworks */,
				FEA62A2D2E8C58F00009AF77 /* Resources */,
			);
			buildRules = (
			);
			dependencies = (
				FEA62A312E8C58F00009AF77 /* PBXTargetDependency */,
			);
			fileSystemSynchronizedGroups = (
				FEA62A322E8C58F00009AF77 /* ExcelCCATTests */,
			);
			name = ExcelCCATTests;
			packageProductDependencies = (
			);
			productName = ExcelCCATTests;
			productReference = FEA62A2F2E8C58F00009AF77 /* ExcelCCATTests.xctest */;
			productType = "com.apple.product-type.bundle.unit-test";
		};
		FEA62A382E8C58F00009AF77 /* ExcelCCATUITests */ = {
			isa = PBXNativeTarget;
			buildConfigurationList = FEA62A492E8C58F00009AF77 /* Build configuration list for PBXNativeTarget "ExcelCCATUITests" */;
			buildPhases = (
				FEA62A352E8C58F00009AF77 /* Sources */,
				FEA62A362E8C58F00009AF77 /* Frameworks */,
				FEA62A372E8C58F00009AF77 /* Resources */,
			);
			buildRules = (
			);
			dependencies = (
				FEA62A3B2E8C58F00009AF77 /* PBXTargetDependency */,
			);
			fileSystemSynchronizedGroups = (
				FEA62A3C2E8C58F00009AF77 /* ExcelCCATUITests */,
			);
			name = ExcelCCATUITests;
			packageProductDependencies = (
			);
			productName = ExcelCCATUITests;
			productReference = FEA62A392E8C58F00009AF77 /* ExcelCCATUITests.xctest */;
			productType = "com.apple.product-type.bundle.ui-testing";
		};
/* End PBXNativeTarget section */

/* Begin PBXProject section */
		FEA62A1A2E8C58EB0009AF77 /* Project object */ = {
			isa = PBXProject;
			attributes = {
				BuildIndependentTargetsInParallel = 1;
				LastSwiftUpdateCheck = 1640;
				LastUpgradeCheck = 1640;
				TargetAttributes = {
					FEA62A212E8C58EB0009AF77 = {
						CreatedOnToolsVersion = 16.4;
					};
					FEA62A2E2E8C58F00009AF77 = {
						CreatedOnToolsVersion = 16.4;
						TestTargetID = FEA62A212E8C58EB0009AF77;
					};
					FEA62A382E8C58F00009AF77 = {
						CreatedOnToolsVersion = 16.4;
						TestTargetID = FEA62A212E8C58EB0009AF77;
					};
				};
			};
			buildConfigurationList = FEA62A1D2E8C58EB0009AF77 /* Build configuration list for PBXProject "ExcelCCAT" */;
			developmentRegion = en;
			hasScannedForEncodings = 0;
			knownRegions = (
				en,
				Base,
			);
			mainGroup = FEA62A192E8C58EB0009AF77;
			minimizedProjectReferenceProxies = 1;
			preferredProjectObjectVersion = 77;
			productRefGroup = FEA62A232E8C58EB0009AF77 /* Products */;
			projectDirPath = "";
			projectRoot = "";
			targets = (
				FEA62A212E8C58EB0009AF77 /* ExcelCCAT */,
				FEA62A2E2E8C58F00009AF77 /* ExcelCCATTests */,
				FEA62A382E8C58F00009AF77 /* ExcelCCATUITests */,
			);
		};
/* End PBXProject section */

/* Begin PBXResourcesBuildPhase section */
		FEA62A202E8C58EB0009AF77 /* Resources */ = {
			isa = PBXResourcesBuildPhase;
			buildActionMask = 2147483647;
			files = (
			);
			runOnlyForDeploymentPostprocessing = 0;
		};
		FEA62A2D2E8C58F00009AF77 /* Resources */ = {
			isa = PBXResourcesBuildPhase;
			buildActionMask = 2147483647;
			files = (
			);
			runOnlyForDeploymentPostprocessing = 0;
		};
		FEA62A372E8C58F00009AF77 /* Resources */ = {
			isa = PBXResourcesBuildPhase;
			buildActionMask = 2147483647;
			files = (
			);
			runOnlyForDeploymentPostprocessing = 0;
		};
/* End PBXResourcesBuildPhase section */

/* Begin PBXSourcesBuildPhase section */
		FEA62A1E2E8C58EB0009AF77 /* Sources */ = {
			isa = PBXSourcesBuildPhase;
			buildActionMask = 2147483647;
			files = (
			);
			runOnlyForDeploymentPostprocessing = 0;
		};
		FEA62A2B2E8C58F00009AF77 /* Sources */ = {
			isa = PBXSourcesBuildPhase;
			buildActionMask = 2147483647;
			files = (
			);
			runOnlyForDeploymentPostprocessing = 0;
		};
		FEA62A352E8C58F00009AF77 /* Sources */ = {
			isa = PBXSourcesBuildPhase;
			buildActionMask = 2147483647;
			files = (
			);
			runOnlyForDeploymentPostprocessing = 0;
		};
/* End PBXSourcesBuildPhase section */

/* Begin PBXTargetDependency section */
		FEA62A312E8C58F00009AF77 /* PBXTargetDependency */ = {
			isa = PBXTargetDependency;
			target = FEA62A212E8C58EB0009AF77 /* ExcelCCAT */;
			targetProxy = FEA62A302E8C58F00009AF77 /* PBXContainerItemProxy */;
		};
		FEA62A3B2E8C58F00009AF77 /* PBXTargetDependency */ = {
			isa = PBXTargetDependency;
			target = FEA62A212E8C58EB0009AF77 /* ExcelCCAT */;
			targetProxy = FEA62A3A2E8C58F00009AF77 /* PBXContainerItemProxy */;
		};
/* End PBXTargetDependency section */

/* Begin XCBuildConfiguration section */
		FEA62A412E8C58F00009AF77 /* Debug */ = {
			isa = XCBuildConfiguration;
			buildSettings = {
				ALWAYS_SEARCH_USER_PATHS = NO;
				ASSETCATALOG_COMPILER_GENERATE_SWIFT_ASSET_SYMBOL_EXTENSIONS = YES;
				CLANG_ANALYZER_NONNULL = YES;
				CLANG_ANALYZER_NUMBER_OBJECT_CONVERSION = YES_AGGRESSIVE;
				CLANG_CXX_LANGUAGE_STANDARD = "gnu++20";
				CLANG_ENABLE_MODULES = YES;
				CLANG_ENABLE_OBJC_ARC = YES;
				CLANG_ENABLE_OBJC_WEAK = YES;
				CLANG_WARN_BLOCK_CAPTURE_AUTORELEASING = YES;
				CLANG_WARN_BOOL_CONVERSION = YES;
				CLANG_WARN_COMMA = YES;
				CLANG_WARN_CONSTANT_CONVERSION = YES;
				CLANG_WARN_DEPRECATED_OBJC_IMPLEMENTATIONS = YES;
				CLANG_WARN_DIRECT_OBJC_ISA_USAGE = YES_ERROR;
				CLANG_WARN_DOCUMENTATION_COMMENTS = YES;
				CLANG_WARN_EMPTY_BODY = YES;
				CLANG_WARN_ENUM_CONVERSION = YES;
				CLANG_WARN_INFINITE_RECURSION = YES;
				CLANG_WARN_INT_CONVERSION = YES;
				CLANG_WARN_NON_LITERAL_NULL_CONVERSION = YES;
				CLANG_WARN_OBJC_IMPLICIT_RETAIN_SELF = YES;
				CLANG_WARN_OBJC_LITERAL_CONVERSION = YES;
				CLANG_WARN_OBJC_ROOT_CLASS = YES_ERROR;
				CLANG_WARN_QUOTED_INCLUDE_IN_FRAMEWORK_HEADER = YES;
				CLANG_WARN_RANGE_LOOP_ANALYSIS = YES;
				CLANG_WARN_STRICT_PROTOTYPES = YES;
				CLANG_WARN_SUSPICIOUS_MOVE = YES;
				CLANG_WARN_UNGUARDED_AVAILABILITY = YES_AGGRESSIVE;
				CLANG_WARN_UNREACHABLE_CODE = YES;
				CLANG_WARN__DUPLICATE_METHOD_MATCH = YES;
				COPY_PHASE_STRIP = NO;
				DEBUG_INFORMATION_FORMAT = dwarf;
				DEVELOPMENT_TEAM = Q83UZZT554;
				ENABLE_STRICT_OBJC_MSGSEND = YES;
				ENABLE_TESTABILITY = YES;
				ENABLE_USER_SCRIPT_SANDBOXING = YES;
				GCC_C_LANGUAGE_STANDARD = gnu17;
				GCC_DYNAMIC_NO_PIC = NO;
				GCC_NO_COMMON_BLOCKS = YES;
				GCC_OPTIMIZATION_LEVEL = 0;
				GCC_PREPROCESSOR_DEFINITIONS = (
					"DEBUG=1",
					"$(inherited)",
				);
				GCC_WARN_64_TO_32_BIT_CONVERSION = YES;
				GCC_WARN_ABOUT_RETURN_TYPE = YES_ERROR;
				GCC_WARN_UNDECLARED_SELECTOR = YES;
				GCC_WARN_UNINITIALIZED_AUTOS = YES_AGGRESSIVE;
				GCC_WARN_UNUSED_FUNCTION = YES;
				GCC_WARN_UNUSED_VARIABLE = YES;
				IPHONEOS_DEPLOYMENT_TARGET = 18.5;
				LOCALIZATION_PREFERS_STRING_CATALOGS = YES;
				MTL_ENABLE_DEBUG_INFO = INCLUDE_SOURCE;
				MTL_FAST_MATH = YES;
				ONLY_ACTIVE_ARCH = YES;
				SDKROOT = iphoneos;
				SWIFT_ACTIVE_COMPILATION_CONDITIONS = "DEBUG $(inherited)";
				SWIFT_OPTIMIZATION_LEVEL = "-Onone";
			};
			name = Debug;
		};
		FEA62A422E8C58F00009AF77 /* Release */ = {
			isa = XCBuildConfiguration;
			buildSettings = {
				ALWAYS_SEARCH_USER_PATHS = NO;
				ASSETCATALOG_COMPILER_GENERATE_SWIFT_ASSET_SYMBOL_EXTENSIONS = YES;
				CLANG_ANALYZER_NONNULL = YES;
				CLANG_ANALYZER_NUMBER_OBJECT_CONVERSION = YES_AGGRESSIVE;
				CLANG_CXX_LANGUAGE_STANDARD = "gnu++20";
				CLANG_ENABLE_MODULES = YES;
				CLANG_ENABLE_OBJC_ARC = YES;
				CLANG_ENABLE_OBJC_WEAK = YES;
				CLANG_WARN_BLOCK_CAPTURE_AUTORELEASING = YES;
				CLANG_WARN_BOOL_CONVERSION = YES;
				CLANG_WARN_COMMA = YES;
				CLANG_WARN_CONSTANT_CONVERSION = YES;
				CLANG_WARN_DEPRECATED_OBJC_IMPLEMENTATIONS = YES;
				CLANG_WARN_DIRECT_OBJC_ISA_USAGE = YES_ERROR;
				CLANG_WARN_DOCUMENTATION_COMMENTS = YES;
				CLANG_WARN_EMPTY_BODY = YES;
				CLANG_WARN_ENUM_CONVERSION = YES;
				CLANG_WARN_INFINITE_RECURSION = YES;
				CLANG_WARN_INT_CONVERSION = YES;
				CLANG_WARN_NON_LITERAL_NULL_CONVERSION = YES;
				CLANG_WARN_OBJC_IMPLICIT_RETAIN_SELF = YES;
				CLANG_WARN_OBJC_LITERAL_CONVERSION = YES;
				CLANG_WARN_OBJC_ROOT_CLASS = YES_ERROR;
				CLANG_WARN_QUOTED_INCLUDE_IN_FRAMEWORK_HEADER = YES;
				CLANG_WARN_RANGE_LOOP_ANALYSIS = YES;
				CLANG_WARN_STRICT_PROTOTYPES = YES;
				CLANG_WARN_SUSPICIOUS_MOVE = YES;
				CLANG_WARN_UNGUARDED_AVAILABILITY = YES_AGGRESSIVE;
				CLANG_WARN_UNREACHABLE_CODE = YES;
				CLANG_WARN__DUPLICATE_METHOD_MATCH = YES;
				COPY_PHASE_STRIP = NO;
				DEBUG_INFORMATION_FORMAT = "dwarf-with-dsym";
				DEVELOPMENT_TEAM = Q83UZZT554;
				ENABLE_NS_ASSERTIONS = NO;
				ENABLE_STRICT_OBJC_MSGSEND = YES;
				ENABLE_USER_SCRIPT_SANDBOXING = YES;
				GCC_C_LANGUAGE_STANDARD = gnu17;
				GCC_NO_COMMON_BLOCKS = YES;
				GCC_WARN_64_TO_32_BIT_CONVERSION = YES;
				GCC_WARN_ABOUT_RETURN_TYPE = YES_ERROR;
				GCC_WARN_UNDECLARED_SELECTOR = YES;
				GCC_WARN_UNINITIALIZED_AUTOS = YES_AGGRESSIVE;
				GCC_WARN_UNUSED_FUNCTION = YES;
				GCC_WARN_UNUSED_VARIABLE = YES;
				IPHONEOS_DEPLOYMENT_TARGET = 18.5;
				LOCALIZATION_PREFERS_STRING_CATALOGS = YES;
				MTL_ENABLE_DEBUG_INFO = NO;
				MTL_FAST_MATH = YES;
				SDKROOT = iphoneos;
				SWIFT_COMPILATION_MODE = wholemodule;
				VALIDATE_PRODUCT = YES;
			};
			name = Release;
		};
		FEA62A442E8C58F00009AF77 /* Debug */ = {
			isa = XCBuildConfiguration;
			buildSettings = {
				ASSETCATALOG_COMPILER_APPICON_NAME = AppIcon;
				ASSETCATALOG_COMPILER_GLOBAL_ACCENT_COLOR_NAME = AccentColor;
				CODE_SIGN_STYLE = Automatic;
				CURRENT_PROJECT_VERSION = 1;
				DEVELOPMENT_TEAM = Q83UZZT554;
				ENABLE_PREVIEWS = YES;
				GENERATE_INFOPLIST_FILE = YES;
				INFOPLIST_KEY_UIApplicationSceneManifest_Generation = YES;
				INFOPLIST_KEY_UIApplicationSupportsIndirectInputEvents = YES;
				INFOPLIST_KEY_UILaunchScreen_Generation = YES;
				INFOPLIST_KEY_UISupportedInterfaceOrientations_iPad = "UIInterfaceOrientationPortrait UIInterfaceOrientationPortraitUpsideDown UIInterfaceOrientationLandscapeLeft UIInterfaceOrientationLandscapeRight";
				INFOPLIST_KEY_UISupportedInterfaceOrientations_iPhone = "UIInterfaceOrientationPortrait UIInterfaceOrientationLandscapeLeft UIInterfaceOrientationLandscapeRight";
				LD_RUNPATH_SEARCH_PATHS = (
					"$(inherited)",
					"@executable_path/Frameworks",
				);
				MARKETING_VERSION = 1.0;
				PRODUCT_BUNDLE_IDENTIFIER = com.curiousdev.ExcelCCAT;
				PRODUCT_NAME = "$(TARGET_NAME)";
				SWIFT_EMIT_LOC_STRINGS = YES;
				SWIFT_VERSION = 5.0;
				TARGETED_DEVICE_FAMILY = "1,2";
			};
			name = Debug;
		};
		FEA62A452E8C58F00009AF77 /* Release */ = {
			isa = XCBuildConfiguration;
			buildSettings = {
				ASSETCATALOG_COMPILER_APPICON_NAME = AppIcon;
				ASSETCATALOG_COMPILER_GLOBAL_ACCENT_COLOR_NAME = AccentColor;
				CODE_SIGN_STYLE = Automatic;
				CURRENT_PROJECT_VERSION = 1;
				DEVELOPMENT_TEAM = Q83UZZT554;
				ENABLE_PREVIEWS = YES;
				GENERATE_INFOPLIST_FILE = YES;
				INFOPLIST_KEY_UIApplicationSceneManifest_Generation = YES;
				INFOPLIST_KEY_UIApplicationSupportsIndirectInputEvents = YES;
				INFOPLIST_KEY_UILaunchScreen_Generation = YES;
				INFOPLIST_KEY_UISupportedInterfaceOrientations_iPad = "UIInterfaceOrientationPortrait UIInterfaceOrientationPortraitUpsideDown UIInterfaceOrientationLandscapeLeft UIInterfaceOrientationLandscapeRight";
				INFOPLIST_KEY_UISupportedInterfaceOrientations_iPhone = "UIInterfaceOrientationPortrait UIInterfaceOrientationLandscapeLeft UIInterfaceOrientationLandscapeRight";
				LD_RUNPATH_SEARCH_PATHS = (
					"$(inherited)",
					"@executable_path/Frameworks",
				);
				MARKETING_VERSION = 1.0;
				PRODUCT_BUNDLE_IDENTIFIER = com.curiousdev.ExcelCCAT;
				PRODUCT_NAME = "$(TARGET_NAME)";
				SWIFT_EMIT_LOC_STRINGS = YES;
				SWIFT_VERSION = 5.0;
				TARGETED_DEVICE_FAMILY = "1,2";
			};
			name = Release;
		};
		FEA62A472E8C58F00009AF77 /* Debug */ = {
			isa = XCBuildConfiguration;
			buildSettings = {
				BUNDLE_LOADER = "$(TEST_HOST)";
				CODE_SIGN_STYLE = Automatic;
				CURRENT_PROJECT_VERSION = 1;
				DEVELOPMENT_TEAM = Q83UZZT554;
				GENERATE_INFOPLIST_FILE = YES;
				IPHONEOS_DEPLOYMENT_TARGET = 18.5;
				MARKETING_VERSION = 1.0;
				PRODUCT_BUNDLE_IDENTIFIER = com.curiousdev.ExcelCCATTests;
				PRODUCT_NAME = "$(TARGET_NAME)";
				SWIFT_EMIT_LOC_STRINGS = NO;
				SWIFT_VERSION = 5.0;
				TARGETED_DEVICE_FAMILY = "1,2";
				TEST_HOST = "$(BUILT_PRODUCTS_DIR)/ExcelCCAT.app/$(BUNDLE_EXECUTABLE_FOLDER_PATH)/ExcelCCAT";
			};
			name = Debug;
		};
		FEA62A482E8C58F00009AF77 /* Release */ = {
			isa = XCBuildConfiguration;
			buildSettings = {
				BUNDLE_LOADER = "$(TEST_HOST)";
				CODE_SIGN_STYLE = Automatic;
				CURRENT_PROJECT_VERSION = 1;
				DEVELOPMENT_TEAM = Q83UZZT554;
				GENERATE_INFOPLIST_FILE = YES;
				IPHONEOS_DEPLOYMENT_TARGET = 18.5;
				MARKETING_VERSION = 1.0;
				PRODUCT_BUNDLE_IDENTIFIER = com.curiousdev.ExcelCCATTests;
				PRODUCT_NAME = "$(TARGET_NAME)";
				SWIFT_EMIT_LOC_STRINGS = NO;
				SWIFT_VERSION = 5.0;
				TARGETED_DEVICE_FAMILY = "1,2";
				TEST_HOST = "$(BUILT_PRODUCTS_DIR)/ExcelCCAT.app/$(BUNDLE_EXECUTABLE_FOLDER_PATH)/ExcelCCAT";
			};
			name = Release;
		};
		FEA62A4A2E8C58F00009AF77 /* Debug */ = {
			isa = XCBuildConfiguration;
			buildSettings = {
				CODE_SIGN_STYLE = Automatic;
				CURRENT_PROJECT_VERSION = 1;
				DEVELOPMENT_TEAM = Q83UZZT554;
				GENERATE_INFOPLIST_FILE = YES;
				MARKETING_VERSION = 1.0;
				PRODUCT_BUNDLE_IDENTIFIER = com.curiousdev.ExcelCCATUITests;
				PRODUCT_NAME = "$(TARGET_NAME)";
				SWIFT_EMIT_LOC_STRINGS = NO;
				SWIFT_VERSION = 5.0;
				TARGETED_DEVICE_FAMILY = "1,2";
				TEST_TARGET_NAME = ExcelCCAT;
			};
			name = Debug;
		};
		FEA62A4B2E8C58F00009AF77 /* Release */ = {
			isa = XCBuildConfiguration;
			buildSettings = {
				CODE_SIGN_STYLE = Automatic;
				CURRENT_PROJECT_VERSION = 1;
				DEVELOPMENT_TEAM = Q83UZZT554;
				GENERATE_INFOPLIST_FILE = YES;
				MARKETING_VERSION = 1.0;
				PRODUCT_BUNDLE_IDENTIFIER = com.curiousdev.ExcelCCATUITests;
				PRODUCT_NAME = "$(TARGET_NAME)";
				SWIFT_EMIT_LOC_STRINGS = NO;
				SWIFT_VERSION = 5.0;
				TARGETED_DEVICE_FAMILY = "1,2";
				TEST_TARGET_NAME = ExcelCCAT;
			};
			name = Release;
		};
/* End XCBuildConfiguration section */

/* Begin XCConfigurationList section */
		FEA62A1D2E8C58EB0009AF77 /* Build configuration list for PBXProject "ExcelCCAT" */ = {
			isa = XCConfigurationList;
			buildConfigurations = (
				FEA62A412E8C58F00009AF77 /* Debug */,
				FEA62A422E8C58F00009AF77 /* Release */,
			);
			defaultConfigurationIsVisible = 0;
			defaultConfigurationName = Release;
		};
		FEA62A432E8C58F00009AF77 /* Build configuration list for PBXNativeTarget "ExcelCCAT" */ = {
			isa = XCConfigurationList;
			buildConfigurations = (
				FEA62A442E8C58F00009AF77 /* Debug */,
				FEA62A452E8C58F00009AF77 /* Release */,
			);
			defaultConfigurationIsVisible = 0;
			defaultConfigurationName = Release;
		};
		FEA62A462E8C58F00009AF77 /* Build configuration list for PBXNativeTarget "ExcelCCATTests" */ = {
			isa = XCConfigurationList;
			buildConfigurations = (
				FEA62A472E8C58F00009AF77 /* Debug */,
				FEA62A482E8C58F00009AF77 /* Release */,
			);
			defaultConfigurationIsVisible = 0;
			defaultConfigurationName = Release;
		};
		FEA62A492E8C58F00009AF77 /* Build configuration list for PBXNativeTarget "ExcelCCATUITests" */ = {
			isa = XCConfigurationList;
			buildConfigurations = (
				FEA62A4A2E8C58F00009AF77 /* Debug */,
				FEA62A4B2E8C58F00009AF77 /* Release */,
			);
			defaultConfigurationIsVisible = 0;
			defaultConfigurationName = Release;
		};
/* End XCConfigurationList section */
	};
	rootObject = FEA62A1A2E8C58EB0009AF77 /* Project object */;
}
